
Microsoft Visual Studio Solution File, Format Version 12.00
# Visual Studio 15
VisualStudioVersion = 15.0.28307.102
MinimumVisualStudioVersion = 10.0.40219.1
Project("{FAE04EC0-301F-11D3-BF4B-00C04F79EFBC}") = "Prj_LISoft", "Prj_Teste\Prj_LISoft.csproj", "{9176CB9A-6C70-4F25-91DF-ED8BCEF53C4D}"
EndProject
Global
	GlobalSection(SolutionConfigurationPlatforms) = preSolution
		Debug|Any CPU = Debug|Any CPU
		Release|Any CPU = Release|Any CPU
	EndGlobalSection
	GlobalSection(ProjectConfigurationPlatforms) = postSolution
		{9176CB9A-6C70-4F25-91DF-ED8BCEF53C4D}.Debug|Any CPU.ActiveCfg = Debug|Any CPU
		{9176CB9A-6C70-4F25-91DF-ED8BCEF53C4D}.Debug|Any CPU.Build.0 = Debug|Any CPU
		{9176CB9A-6C70-4F25-91DF-ED8BCEF53C4D}.Release|Any CPU.ActiveCfg = Release|Any CPU
		{9176CB9A-6C70-4F25-91DF-ED8BCEF53C4D}.Release|Any CPU.Build.0 = Release|Any CPU
	EndGlobalSection
	GlobalSection(SolutionProperties) = preSolution
		HideSolutionNode = FALSE
	EndGlobalSection
	GlobalSection(ExtensibilityGlobals) = postSolution
		SolutionGuid = {42804CF0-3EAA-4594-BE9C-0BB08676E4FD}
	EndGlobalSection
EndGlobal
